
Microsoft Visual Studio Solution File, Format Version 12.00
# Visual Studio 15
VisualStudioVersion = 15.0.27004.2006
MinimumVisualStudioVersion = 10.0.40219.1
Project("{9A19103F-16F7-4668-BE54-9A1E7A4F7556}") = "Com.DanLiris.Service.DealTracking.WebApi", "Com.DanLiris.Service.DealTracking.WebApi\Com.DanLiris.Service.DealTracking.WebApi.csproj", "{9CBF8AB2-F9E5-43AD-B66F-3CF1DF3B0344}"
EndProject
Project("{FAE04EC0-301F-11D3-BF4B-00C04F79EFBC}") = "Com.DanLiris.Service.DealTracking.Lib", "Com.DanLiris.Service.DealTracking.Lib\Com.DanLiris.Service.DealTracking.Lib.csproj", "{6C6C83DE-03E2-4F91-BF07-003D6594599E}"
EndProject
Project("{FAE04EC0-301F-11D3-BF4B-00C04F79EFBC}") = "Com.DanLiris.Service.DealTracking.Test", "Com.DanLiris.Service.DealTracking.Test\Com.DanLiris.Service.DealTracking.Test.csproj", "{312B7C96-66A1-4E75-AC20-555D5B0256AA}"
EndProject
Global
	GlobalSection(SolutionConfigurationPlatforms) = preSolution
		Debug|Any CPU = Debug|Any CPU
		Release|Any CPU = Release|Any CPU
	EndGlobalSection
	GlobalSection(ProjectConfigurationPlatforms) = postSolution
		{9CBF8AB2-F9E5-43AD-B66F-3CF1DF3B0344}.Debug|Any CPU.ActiveCfg = Debug|Any CPU
		{9CBF8AB2-F9E5-43AD-B66F-3CF1DF3B0344}.Debug|Any CPU.Build.0 = Debug|Any CPU
		{9CBF8AB2-F9E5-43AD-B66F-3CF1DF3B0344}.Release|Any CPU.ActiveCfg = Release|Any CPU
		{9CBF8AB2-F9E5-43AD-B66F-3CF1DF3B0344}.Release|Any CPU.Build.0 = Release|Any CPU
		{6C6C83DE-03E2-4F91-BF07-003D6594599E}.Debug|Any CPU.ActiveCfg = Debug|Any CPU
		{6C6C83DE-03E2-4F91-BF07-003D6594599E}.Debug|Any CPU.Build.0 = Debug|Any CPU
		{6C6C83DE-03E2-4F91-BF07-003D6594599E}.Release|Any CPU.ActiveCfg = Release|Any CPU
		{6C6C83DE-03E2-4F91-BF07-003D6594599E}.Release|Any CPU.Build.0 = Release|Any CPU
		{312B7C96-66A1-4E75-AC20-555D5B0256AA}.Debug|Any CPU.ActiveCfg = Debug|Any CPU
		{312B7C96-66A1-4E75-AC20-555D5B0256AA}.Debug|Any CPU.Build.0 = Debug|Any CPU
		{312B7C96-66A1-4E75-AC20-555D5B0256AA}.Release|Any CPU.ActiveCfg = Release|Any CPU
		{312B7C96-66A1-4E75-AC20-555D5B0256AA}.Release|Any CPU.Build.0 = Release|Any CPU
	EndGlobalSection
	GlobalSection(SolutionProperties) = preSolution
		HideSolutionNode = FALSE
	EndGlobalSection
	GlobalSection(ExtensibilityGlobals) = postSolution
		SolutionGuid = {86A1F3CF-646E-44BC-B60F-82E810D3245C}
	EndGlobalSection
EndGlobal
